
Microsoft Visual Studio Solution File, Format Version 12.00
# Visual Studio 2013
VisualStudioVersion = 12.0.30110.0
MinimumVisualStudioVersion = 10.0.40219.1
Project("{FAE04EC0-301F-11D3-BF4B-00C04F79EFBC}") = "Euler001", "Euler001.csproj", "{6BBDC08A-5A8F-45F4-8DE5-DC4860C12C2F}"
EndProject
Project("{FAE04EC0-301F-11D3-BF4B-00C04F79EFBC}") = "Runner", "..\Runner\Runner.csproj", "{B0C75E8B-97D8-4D25-A9F5-993F5F9FC34C}"
EndProject
Global
	GlobalSection(SolutionConfigurationPlatforms) = preSolution
		Debug|Any CPU = Debug|Any CPU
		Release|Any CPU = Release|Any CPU
	EndGlobalSection
	GlobalSection(ProjectConfigurationPlatforms) = postSolution
		{6BBDC08A-5A8F-45F4-8DE5-DC4860C12C2F}.Debug|Any CPU.ActiveCfg = Debug|Any CPU
		{6BBDC08A-5A8F-45F4-8DE5-DC4860C12C2F}.Debug|Any CPU.Build.0 = Debug|Any CPU
		{6BBDC08A-5A8F-45F4-8DE5-DC4860C12C2F}.Release|Any CPU.ActiveCfg = Release|Any CPU
		{6BBDC08A-5A8F-45F4-8DE5-DC4860C12C2F}.Release|Any CPU.Build.0 = Release|Any CPU
		{B0C75E8B-97D8-4D25-A9F5-993F5F9FC34C}.Debug|Any CPU.ActiveCfg = Debug|Any CPU
		{B0C75E8B-97D8-4D25-A9F5-993F5F9FC34C}.Debug|Any CPU.Build.0 = Debug|Any CPU
		{B0C75E8B-97D8-4D25-A9F5-993F5F9FC34C}.Release|Any CPU.ActiveCfg = Release|Any CPU
		{B0C75E8B-97D8-4D25-A9F5-993F5F9FC34C}.Release|Any CPU.Build.0 = Release|Any CPU
	EndGlobalSection
	GlobalSection(SolutionProperties) = preSolution
		HideSolutionNode = FALSE
	EndGlobalSection
EndGlobal
